<?xml version="1.0" encoding="utf-8"?>
<Project ToolsVersion="4.0" xmlns="http://schemas.microsoft.com/developer/msbuild/2003">
  <ItemGroup>
    <Filter Include="Source Files">
      <UniqueIdentifier>{4FC737F1-C7A5-4376-A066-2A32D752A2FF}</UniqueIdentifier>
      <Extensions>cpp;c;cc;cxx;def;odl;idl;hpj;bat;asm;asmx</Extensions>
    </Filter>
    <Filter Include="Header Files">
      <UniqueIdentifier>{93995380-89BD-4b04-88EB-625FBE52EBFB}</UniqueIdentifier>
      <Extensions>h;hpp;hxx;hm;inl;inc;xsd</Extensions>
    </Filter>
    <Filter Include="Resource Files">
      <UniqueIdentifier>{67DA6AB6-F800-4c08-8B7A-83BB121AAD01}</UniqueIdentifier>
      <Extensions>rc;ico;cur;bmp;dlg;rc2;rct;bin;rgs;gif;jpg;jpeg;jpe;resx;tiff;tif;png;wav;mfcribbon-ms</Extensions>
    </Filter>
  </ItemGroup>
  <ItemGroup>
    <Text Include="ReadMe.txt" />
  </ItemGroup>
  <ItemGroup>
    <ClInclude Include="stdafx.h">
      <Filter>Header Files</Filter>
    </ClInclude>
    <ClInclude Include="targetver.h">
      <Filter>Header Files</Filter>
    </ClInclude>
    <ClInclude Include="cpucycles.h">
      <Filter>Header Files</Filter>
    </ClInclude>
    <ClInclude Include="outclient.h">
      <Filter>Header Files</Filter>
    </ClInclude>
    <ClInclude Include="mainmanager.h">
      <Filter>Header Files</Filter>
    </ClInclude>
    <ClInclude Include="cpuprocstat.h">
      <Filter>Header Files</Filter>
    </ClInclude>
    <ClInclude Include="cpuwatcher.h">
      <Filter>Header Files</Filter>
    </ClInclude>
    <ClInclude Include="cpuwin.h">
      <Filter>Header Files</Filter>
    </ClInclude>
    <ClInclude Include="inserver.h">
      <Filter>Header Files</Filter>
    </ClInclude>
    <ClInclude Include="memwatcher.h">
      <Filter>Header Files</Filter>
    </ClInclude>
    <ClInclude Include="memwin.h">
      <Filter>Header Files</Filter>
    </ClInclude>
    <ClInclude Include="memnix.h">
      <Filter>Header Files</Filter>
    </ClInclude>
  </ItemGroup>
  <ItemGroup>
    <ClCompile Include="stdafx.cpp">
      <Filter>Source Files</Filter>
    </ClCompile>
    <ClCompile Include="cpucycles.cpp">
      <Filter>Source Files</Filter>
    </ClCompile>
    <ClCompile Include="outclient.cpp">
      <Filter>Source Files</Filter>
    </ClCompile>
    <ClCompile Include="mainmanager.cpp">
      <Filter>Source Files</Filter>
    </ClCompile>
    <ClCompile Include="cpuprocstat.cpp">
      <Filter>Source Files</Filter>
    </ClCompile>
    <ClCompile Include="protoDaemon.cpp">
      <Filter>Source Files</Filter>
    </ClCompile>
    <ClCompile Include="cpuwatcher.cpp">
      <Filter>Source Files</Filter>
    </ClCompile>
    <ClCompile Include="cpuwin.cpp">
      <Filter>Source Files</Filter>
    </ClCompile>
    <ClCompile Include="inserver.cpp">
      <Filter>Source Files</Filter>
    </ClCompile>
    <ClCompile Include="memwatcher.cpp">
      <Filter>Source Files</Filter>
    </ClCompile>
    <ClCompile Include="memwin.cpp">
      <Filter>Source Files</Filter>
    </ClCompile>
    <ClCompile Include="memnix.cpp">
      <Filter>Source Files</Filter>
    </ClCompile>
  </ItemGroup>
</Project>